// !$*UTF8*$!
{
	archiveVersion = 1;
	classes = {
	};
	objectVersion = 46;
	objects = {

/* Begin PBXBuildFile section */
		5DB0983C1934487F00114096 /* Foundation.framework in Frameworks */ = {isa = PBXBuildFile; fileRef = 5DB0983B1934487F00114096 /* Foundation.framework */; };
		5DB0983E1934487F00114096 /* CoreGraphics.framework in Frameworks */ = {isa = PBXBuildFile; fileRef = 5DB0983D1934487F00114096 /* CoreGraphics.framework */; };
		5DB098401934487F00114096 /* UIKit.framework in Frameworks */ = {isa = PBXBuildFile; fileRef = 5DB0983F1934487F00114096 /* UIKit.framework */; };
		5DB098461934488000114096 /* InfoPlist.strings in Resources */ = {isa = PBXBuildFile; fileRef = 5DB098441934488000114096 /* InfoPlist.strings */; };
		5DB098481934488000114096 /* main.m in Sources */ = {isa = PBXBuildFile; fileRef = 5DB098471934488000114096 /* main.m */; };
		5DB0984C1934488000114096 /* CTAppDelegate.m in Sources */ = {isa = PBXBuildFile; fileRef = 5DB0984B1934488000114096 /* CTAppDelegate.m */; };
		5DB0984F1934488000114096 /* Main_iPhone.storyboard in Resources */ = {isa = PBXBuildFile; fileRef = 5DB0984D1934488000114096 /* Main_iPhone.storyboard */; };
		5DB098521934488000114096 /* Main_iPad.storyboard in Resources */ = {isa = PBXBuildFile; fileRef = 5DB098501934488000114096 /* Main_iPad.storyboard */; };
		5DB098551934488000114096 /* CTViewController.m in Sources */ = {isa = PBXBuildFile; fileRef = 5DB098541934488000114096 /* CTViewController.m */; };
		5DB098571934488000114096 /* Images.xcassets in Resources */ = {isa = PBXBuildFile; fileRef = 5DB098561934488000114096 /* Images.xcassets */; };
		5DB0985E1934488000114096 /* XCTest.framework in Frameworks */ = {isa = PBXBuildFile; fileRef = 5DB0985D1934488000114096 /* XCTest.framework */; };
		5DB0985F1934488000114096 /* Foundation.framework in Frameworks */ = {isa = PBXBuildFile; fileRef = 5DB0983B1934487F00114096 /* Foundation.framework */; };
		5DB098601934488000114096 /* UIKit.framework in Frameworks */ = {isa = PBXBuildFile; fileRef = 5DB0983F1934487F00114096 /* UIKit.framework */; };
		5DB098681934488000114096 /* InfoPlist.strings in Resources */ = {isa = PBXBuildFile; fileRef = 5DB098661934488000114096 /* InfoPlist.strings */; };
		5DB0986A1934488000114096 /* User_Data_Challenge_SolutionTests.m in Sources */ = {isa = PBXBuildFile; fileRef = 5DB098691934488000114096 /* User_Data_Challenge_SolutionTests.m */; };
		5DB098751934499700114096 /* CTUserData.m in Sources */ = {isa = PBXBuildFile; fileRef = 5DB098741934499700114096 /* CTUserData.m */; };
		5DB0987719344B9200114096 /* monika.jpg in Resources */ = {isa = PBXBuildFile; fileRef = 5DB0987619344B9200114096 /* monika.jpg */; };
		5DB0987919344BCE00114096 /* sophie.jpg in Resources */ = {isa = PBXBuildFile; fileRef = 5DB0987819344BCE00114096 /* sophie.jpg */; };
		5DB0987B19344BFA00114096 /* baba.jpg in Resources */ = {isa = PBXBuildFile; fileRef = 5DB0987A19344BFA00114096 /* baba.jpg */; };
		5DB0987D19344CD700114096 /* cyrus.jpg in Resources */ = {isa = PBXBuildFile; fileRef = 5DB0987C19344CD700114096 /* cyrus.jpg */; };
/* End PBXBuildFile section */

/* Begin PBXContainerItemProxy section */
		5DB098611934488000114096 /* PBXContainerItemProxy */ = {
			isa = PBXContainerItemProxy;
			containerPortal = 5DB098301934487F00114096 /* Project object */;
			proxyType = 1;
			remoteGlobalIDString = 5DB098371934487F00114096;
			remoteInfo = "User Data Challenge Solution";
		};
/* End PBXContainerItemProxy section */

/* Begin PBXFileReference section */
		5DB098381934487F00114096 /* User Data Challenge Solution.app */ = {isa = PBXFileReference; explicitFileType = wrapper.application; includeInIndex = 0; path = "User Data Challenge Solution.app"; sourceTree = BUILT_PRODUCTS_DIR; };
		5DB0983B1934487F00114096 /* Foundation.framework */ = {isa = PBXFileReference; lastKnownFileType = wrapper.framework; name = Foundation.framework; path = System/Library/Frameworks/Foundation.framework; sourceTree = SDKROOT; };
		5DB0983D1934487F00114096 /* CoreGraphics.framework */ = {isa = PBXFileReference; lastKnownFileType = wrapper.framework; name = CoreGraphics.framework; path = System/Library/Frameworks/CoreGraphics.framework; sourceTree = SDKROOT; };
		5DB0983F1934487F00114096 /* UIKit.framework */ = {isa = PBXFileReference; lastKnownFileType = wrapper.framework; name = UIKit.framework; path = System/Library/Frameworks/UIKit.framework; sourceTree = SDKROOT; };
		5DB098431934488000114096 /* User Data Challenge Solution-Info.plist */ = {isa = PBXFileReference; lastKnownFileType = text.plist.xml; path = "User Data Challenge Solution-Info.plist"; sourceTree = "<group>"; };
		5DB098451934488000114096 /* en */ = {isa = PBXFileReference; lastKnownFileType = text.plist.strings; name = en; path = en.lproj/InfoPlist.strings; sourceTree = "<group>"; };
		5DB098471934488000114096 /* main.m */ = {isa = PBXFileReference; lastKnownFileType = sourcecode.c.objc; path = main.m; sourceTree = "<group>"; };
		5DB098491934488000114096 /* User Data Challenge Solution-Prefix.pch */ = {isa = PBXFileReference; lastKnownFileType = sourcecode.c.h; path = "User Data Challenge Solution-Prefix.pch"; sourceTree = "<group>"; };
		5DB0984A1934488000114096 /* CTAppDelegate.h */ = {isa = PBXFileReference; lastKnownFileType = sourcecode.c.h; path = CTAppDelegate.h; sourceTree = "<group>"; };
		5DB0984B1934488000114096 /* CTAppDelegate.m */ = {isa = PBXFileReference; lastKnownFileType = sourcecode.c.objc; path = CTAppDelegate.m; sourceTree = "<group>"; };
		5DB0984E1934488000114096 /* Base */ = {isa = PBXFileReference; lastKnownFileType = file.storyboard; name = Base; path = Base.lproj/Main_iPhone.storyboard; sourceTree = "<group>"; };
		5DB098511934488000114096 /* Base */ = {isa = PBXFileReference; lastKnownFileType = file.storyboard; name = Base; path = Base.lproj/Main_iPad.storyboard; sourceTree = "<group>"; };
		5DB098531934488000114096 /* CTViewController.h */ = {isa = PBXFileReference; lastKnownFileType = sourcecode.c.h; path = CTViewController.h; sourceTree = "<group>"; };
		5DB098541934488000114096 /* CTViewController.m */ = {isa = PBXFileReference; lastKnownFileType = sourcecode.c.objc; path = CTViewController.m; sourceTree = "<group>"; };
		5DB098561934488000114096 /* Images.xcassets */ = {isa = PBXFileReference; lastKnownFileType = folder.assetcatalog; path = Images.xcassets; sourceTree = "<group>"; };
		5DB0985C1934488000114096 /* User Data Challenge SolutionTests.xctest */ = {isa = PBXFileReference; explicitFileType = wrapper.cfbundle; includeInIndex = 0; path = "User Data Challenge SolutionTests.xctest"; sourceTree = BUILT_PRODUCTS_DIR; };
		5DB0985D1934488000114096 /* XCTest.framework */ = {isa = PBXFileReference; lastKnownFileType = wrapper.framework; name = XCTest.framework; path = Library/Frameworks/XCTest.framework; sourceTree = DEVELOPER_DIR; };
		5DB098651934488000114096 /* User Data Challenge SolutionTests-Info.plist */ = {isa = PBXFileReference; lastKnownFileType = text.plist.xml; path = "User Data Challenge SolutionTests-Info.plist"; sourceTree = "<group>"; };
		5DB098671934488000114096 /* en */ = {isa = PBXFileReference; lastKnownFileType = text.plist.strings; name = en; path = en.lproj/InfoPlist.strings; sourceTree = "<group>"; };
		5DB098691934488000114096 /* User_Data_Challenge_SolutionTests.m */ = {isa = PBXFileReference; lastKnownFileType = sourcecode.c.objc; path = User_Data_Challenge_SolutionTests.m; sourceTree = "<group>"; };
		5DB098731934499700114096 /* CTUserData.h */ = {isa = PBXFileReference; fileEncoding = 4; lastKnownFileType = sourcecode.c.h; path = CTUserData.h; sourceTree = "<group>"; };
		5DB098741934499700114096 /* CTUserData.m */ = {isa = PBXFileReference; fileEncoding = 4; lastKnownFileType = sourcecode.c.objc; path = CTUserData.m; sourceTree = "<group>"; };
		5DB0987619344B9200114096 /* monika.jpg */ = {isa = PBXFileReference; lastKnownFileType = image.jpeg; path = monika.jpg; sourceTree = "<group>"; };
		5DB0987819344BCE00114096 /* sophie.jpg */ = {isa = PBXFileReference; lastKnownFileType = image.jpeg; path = sophie.jpg; sourceTree = "<group>"; };
		5DB0987A19344BFA00114096 /* baba.jpg */ = {isa = PBXFileReference; lastKnownFileType = image.jpeg; path = baba.jpg; sourceTree = "<group>"; };
		5DB0987C19344CD700114096 /* cyrus.jpg */ = {isa = PBXFileReference; lastKnownFileType = image.jpeg; path = cyrus.jpg; sourceTree = "<group>"; };
/* End PBXFileReference section */

/* Begin PBXFrameworksBuildPhase section */
		5DB098351934487F00114096 /* Frameworks */ = {
			isa = PBXFrameworksBuildPhase;
			buildActionMask = 2147483647;
			files = (
				5DB0983E1934487F00114096 /* CoreGraphics.framework in Frameworks */,
				5DB098401934487F00114096 /* UIKit.framework in Frameworks */,
				5DB0983C1934487F00114096 /* Foundation.framework in Frameworks */,
			);
			runOnlyForDeploymentPostprocessing = 0;
		};
		5DB098591934488000114096 /* Frameworks */ = {
			isa = PBXFrameworksBuildPhase;
			buildActionMask = 2147483647;
			files = (
				5DB0985E1934488000114096 /* XCTest.framework in Frameworks */,
				5DB098601934488000114096 /* UIKit.framework in Frameworks */,
				5DB0985F1934488000114096 /* Foundation.framework in Frameworks */,
			);
			runOnlyForDeploymentPostprocessing = 0;
		};
/* End PBXFrameworksBuildPhase section */

/* Begin PBXGroup section */
		5DB0982F1934487F00114096 = {
			isa = PBXGroup;
			children = (
				5DB098411934488000114096 /* User Data Challenge Solution */,
				5DB098631934488000114096 /* User Data Challenge SolutionTests */,
				5DB0983A1934487F00114096 /* Frameworks */,
				5DB098391934487F00114096 /* Products */,
			);
			sourceTree = "<group>";
		};
		5DB098391934487F00114096 /* Products */ = {
			isa = PBXGroup;
			children = (
				5DB098381934487F00114096 /* User Data Challenge Solution.app */,
				5DB0985C1934488000114096 /* User Data Challenge SolutionTests.xctest */,
			);
			name = Products;
			sourceTree = "<group>";
		};
		5DB0983A1934487F00114096 /* Frameworks */ = {
			isa = PBXGroup;
			children = (
				5DB0983B1934487F00114096 /* Foundation.framework */,
				5DB0983D1934487F00114096 /* CoreGraphics.framework */,
				5DB0983F1934487F00114096 /* UIKit.framework */,
				5DB0985D1934488000114096 /* XCTest.framework */,
			);
			name = Frameworks;
			sourceTree = "<group>";
		};
		5DB098411934488000114096 /* User Data Challenge Solution */ = {
			isa = PBXGroup;
			children = (
				5DB0984A1934488000114096 /* CTAppDelegate.h */,
				5DB0984B1934488000114096 /* CTAppDelegate.m */,
				5DB0984D1934488000114096 /* Main_iPhone.storyboard */,
				5DB098501934488000114096 /* Main_iPad.storyboard */,
				5DB098531934488000114096 /* CTViewController.h */,
				5DB098541934488000114096 /* CTViewController.m */,
				5DB098731934499700114096 /* CTUserData.h */,
				5DB098741934499700114096 /* CTUserData.m */,
				5DB098561934488000114096 /* Images.xcassets */,
				5DB098421934488000114096 /* Supporting Files */,
			);
			path = "User Data Challenge Solution";
			sourceTree = "<group>";
		};
		5DB098421934488000114096 /* Supporting Files */ = {
			isa = PBXGroup;
			children = (
				5DB0987819344BCE00114096 /* sophie.jpg */,
				5DB0987619344B9200114096 /* monika.jpg */,
				5DB0987A19344BFA00114096 /* baba.jpg */,
				5DB0987C19344CD700114096 /* cyrus.jpg */,
				5DB098431934488000114096 /* User Data Challenge Solution-Info.plist */,
				5DB098441934488000114096 /* InfoPlist.strings */,
				5DB098471934488000114096 /* main.m */,
				5DB098491934488000114096 /* User Data Challenge Solution-Prefix.pch */,
			);
			name = "Supporting Files";
			sourceTree = "<group>";
		};
		5DB098631934488000114096 /* User Data Challenge SolutionTests */ = {
			isa = PBXGroup;
			children = (
				5DB098691934488000114096 /* User_Data_Challenge_SolutionTests.m */,
				5DB098641934488000114096 /* Supporting Files */,
			);
			path = "User Data Challenge SolutionTests";
			sourceTree = "<group>";
		};
		5DB098641934488000114096 /* Supporting Files */ = {
			isa = PBXGroup;
			children = (
				5DB098651934488000114096 /* User Data Challenge SolutionTests-Info.plist */,
				5DB098661934488000114096 /* InfoPlist.strings */,
			);
			name = "Supporting Files";
			sourceTree = "<group>";
		};
/* End PBXGroup section */

/* Begin PBXNativeTarget section */
		5DB098371934487F00114096 /* User Data Challenge Solution */ = {
			isa = PBXNativeTarget;
			buildConfigurationList = 5DB0986D1934488000114096 /* Build configuration list for PBXNativeTarget "User Data Challenge Solution" */;
			buildPhases = (
				5DB098341934487F00114096 /* Sources */,
				5DB098351934487F00114096 /* Frameworks */,
				5DB098361934487F00114096 /* Resources */,
			);
			buildRules = (
			);
			dependencies = (
			);
			name = "User Data Challenge Solution";
			productName = "User Data Challenge Solution";
			productReference = 5DB098381934487F00114096 /* User Data Challenge Solution.app */;
			productType = "com.apple.product-type.application";
		};
		5DB0985B1934488000114096 /* User Data Challenge SolutionTests */ = {
			isa = PBXNativeTarget;
			buildConfigurationList = 5DB098701934488000114096 /* Build configuration list for PBXNativeTarget "User Data Challenge SolutionTests" */;
			buildPhases = (
				5DB098581934488000114096 /* Sources */,
				5DB098591934488000114096 /* Frameworks */,
				5DB0985A1934488000114096 /* Resources */,
			);
			buildRules = (
			);
			dependencies = (
				5DB098621934488000114096 /* PBXTargetDependency */,
			);
			name = "User Data Challenge SolutionTests";
			productName = "User Data Challenge SolutionTests";
			productReference = 5DB0985C1934488000114096 /* User Data Challenge SolutionTests.xctest */;
			productType = "com.apple.product-type.bundle.unit-test";
		};
/* End PBXNativeTarget section */

/* Begin PBXProject section */
		5DB098301934487F00114096 /* Project object */ = {
			isa = PBXProject;
			attributes = {
				CLASSPREFIX = CT;
				LastUpgradeCheck = 0510;
				ORGANIZATIONNAME = Cyrus;
				TargetAttributes = {
					5DB0985B1934488000114096 = {
						TestTargetID = 5DB098371934487F00114096;
					};
				};
			};
			buildConfigurationList = 5DB098331934487F00114096 /* Build configuration list for PBXProject "User Data Challenge Solution" */;
			compatibilityVersion = "Xcode 3.2";
			developmentRegion = English;
			hasScannedForEncodings = 0;
			knownRegions = (
				en,
				Base,
			);
			mainGroup = 5DB0982F1934487F00114096;
			productRefGroup = 5DB098391934487F00114096 /* Products */;
			projectDirPath = "";
			projectRoot = "";
			targets = (
				5DB098371934487F00114096 /* User Data Challenge Solution */,
				5DB0985B1934488000114096 /* User Data Challenge SolutionTests */,
			);
		};
/* End PBXProject section */

/* Begin PBXResourcesBuildPhase section */
		5DB098361934487F00114096 /* Resources */ = {
			isa = PBXResourcesBuildPhase;
			buildActionMask = 2147483647;
			files = (
				5DB0987919344BCE00114096 /* sophie.jpg in Resources */,
				5DB098521934488000114096 /* Main_iPad.storyboard in Resources */,
				5DB0987B19344BFA00114096 /* baba.jpg in Resources */,
				5DB098571934488000114096 /* Images.xcassets in Resources */,
				5DB0987D19344CD700114096 /* cyrus.jpg in Resources */,
				5DB0987719344B9200114096 /* monika.jpg in Resources */,
				5DB0984F1934488000114096 /* Main_iPhone.storyboard in Resources */,
				5DB098461934488000114096 /* InfoPlist.strings in Resources */,
			);
			runOnlyForDeploymentPostprocessing = 0;
		};
		5DB0985A1934488000114096 /* Resources */ = {
			isa = PBXResourcesBuildPhase;
			buildActionMask = 2147483647;
			files = (
				5DB098681934488000114096 /* InfoPlist.strings in Resources */,
			);
			runOnlyForDeploymentPostprocessing = 0;
		};
/* End PBXResourcesBuildPhase section */

/* Begin PBXSourcesBuildPhase section */
		5DB098341934487F00114096 /* Sources */ = {
			isa = PBXSourcesBuildPhase;
			buildActionMask = 2147483647;
			files = (
				5DB098481934488000114096 /* main.m in Sources */,
				5DB0984C1934488000114096 /* CTAppDelegate.m in Sources */,
				5DB098551934488000114096 /* CTViewController.m in Sources */,
				5DB098751934499700114096 /* CTUserData.m in Sources */,
			);
			runOnlyForDeploymentPostprocessing = 0;
		};
		5DB098581934488000114096 /* Sources */ = {
			isa = PBXSourcesBuildPhase;
			buildActionMask = 2147483647;
			files = (
				5DB0986A1934488000114096 /* User_Data_Challenge_SolutionTests.m in Sources */,
			);
			runOnlyForDeploymentPostprocessing = 0;
		};
/* End PBXSourcesBuildPhase section */

/* Begin PBXTargetDependency section */
		5DB098621934488000114096 /* PBXTargetDependency */ = {
			isa = PBXTargetDependency;
			target = 5DB098371934487F00114096 /* User Data Challenge Solution */;
			targetProxy = 5DB098611934488000114096 /* PBXContainerItemProxy */;
		};
/* End PBXTargetDependency section */

/* Begin PBXVariantGroup section */
		5DB098441934488000114096 /* InfoPlist.strings */ = {
			isa = PBXVariantGroup;
			children = (
				5DB098451934488000114096 /* en */,
			);
			name = InfoPlist.strings;
			sourceTree = "<group>";
		};
		5DB0984D1934488000114096 /* Main_iPhone.storyboard */ = {
			isa = PBXVariantGroup;
			children = (
				5DB0984E1934488000114096 /* Base */,
			);
			name = Main_iPhone.storyboard;
			sourceTree = "<group>";
		};
		5DB098501934488000114096 /* Main_iPad.storyboard */ = {
			isa = PBXVariantGroup;
			children = (
				5DB098511934488000114096 /* Base */,
			);
			name = Main_iPad.storyboard;
			sourceTree = "<group>";
		};
		5DB098661934488000114096 /* InfoPlist.strings */ = {
			isa = PBXVariantGroup;
			children = (
				5DB098671934488000114096 /* en */,
			);
			name = InfoPlist.strings;
			sourceTree = "<group>";
		};
/* End PBXVariantGroup section */

/* Begin XCBuildConfiguration section */
		5DB0986B1934488000114096 /* Debug */ = {
			isa = XCBuildConfiguration;
			buildSettings = {
				ALWAYS_SEARCH_USER_PATHS = NO;
				CLANG_CXX_LANGUAGE_STANDARD = "gnu++0x";
				CLANG_CXX_LIBRARY = "libc++";
				CLANG_ENABLE_MODULES = YES;
				CLANG_ENABLE_OBJC_ARC = YES;
				CLANG_WARN_BOOL_CONVERSION = YES;
				CLANG_WARN_CONSTANT_CONVERSION = YES;
				CLANG_WARN_DIRECT_OBJC_ISA_USAGE = YES_ERROR;
				CLANG_WARN_EMPTY_BODY = YES;
				CLANG_WARN_ENUM_CONVERSION = YES;
				CLANG_WARN_INT_CONVERSION = YES;
				CLANG_WARN_OBJC_ROOT_CLASS = YES_ERROR;
				CLANG_WARN__DUPLICATE_METHOD_MATCH = YES;
				"CODE_SIGN_IDENTITY[sdk=iphoneos*]" = "iPhone Developer";
				COPY_PHASE_STRIP = NO;
				GCC_C_LANGUAGE_STANDARD = gnu99;
				GCC_DYNAMIC_NO_PIC = NO;
				GCC_OPTIMIZATION_LEVEL = 0;
				GCC_PREPROCESSOR_DEFINITIONS = (
					"DEBUG=1",
					"$(inherited)",
				);
				GCC_SYMBOLS_PRIVATE_EXTERN = NO;
				GCC_WARN_64_TO_32_BIT_CONVERSION = YES;
				GCC_WARN_ABOUT_RETURN_TYPE = YES_ERROR;
				GCC_WARN_UNDECLARED_SELECTOR = YES;
				GCC_WARN_UNINITIALIZED_AUTOS = YES_AGGRESSIVE;
				GCC_WARN_UNUSED_FUNCTION = YES;
				GCC_WARN_UNUSED_VARIABLE = YES;
				IPHONEOS_DEPLOYMENT_TARGET = 7.1;
				ONLY_ACTIVE_ARCH = YES;
				SDKROOT = iphoneos;
				TARGETED_DEVICE_FAMILY = "1,2";
			};
			name = Debug;
		};
		5DB0986C1934488000114096 /* Release */ = {
			isa = XCBuildConfiguration;
			buildSettings = {
				ALWAYS_SEARCH_USER_PATHS = NO;
				CLANG_CXX_LANGUAGE_STANDARD = "gnu++0x";
				CLANG_CXX_LIBRARY = "libc++";
				CLANG_ENABLE_MODULES = YES;
				CLANG_ENABLE_OBJC_ARC = YES;
				CLANG_WARN_BOOL_CONVERSION = YES;
				CLANG_WARN_CONSTANT_CONVERSION = YES;
				CLANG_WARN_DIRECT_OBJC_ISA_USAGE = YES_ERROR;
				CLANG_WARN_EMPTY_BODY = YES;
				CLANG_WARN_ENUM_CONVERSION = YES;
				CLANG_WARN_INT_CONVERSION = YES;
				CLANG_WARN_OBJC_ROOT_CLASS = YES_ERROR;
				CLANG_WARN__DUPLICATE_METHOD_MATCH = YES;
				"CODE_SIGN_IDENTITY[sdk=iphoneos*]" = "iPhone Developer";
				COPY_PHASE_STRIP = YES;
				ENABLE_NS_ASSERTIONS = NO;
				GCC_C_LANGUAGE_STANDARD = gnu99;
				GCC_WARN_64_TO_32_BIT_CONVERSION = YES;
				GCC_WARN_ABOUT_RETURN_TYPE = YES_ERROR;
				GCC_WARN_UNDECLARED_SELECTOR = YES;
				GCC_WARN_UNINITIALIZED_AUTOS = YES_AGGRESSIVE;
				GCC_WARN_UNUSED_FUNCTION = YES;
				GCC_WARN_UNUSED_VARIABLE = YES;
				IPHONEOS_DEPLOYMENT_TARGET = 7.1;
				SDKROOT = iphoneos;
				TARGETED_DEVICE_FAMILY = "1,2";
				VALIDATE_PRODUCT = YES;
			};
			name = Release;
		};
		5DB0986E1934488000114096 /* Debug */ = {
			isa = XCBuildConfiguration;
			buildSettings = {
				ASSETCATALOG_COMPILER_APPICON_NAME = AppIcon;
				ASSETCATALOG_COMPILER_LAUNCHIMAGE_NAME = LaunchImage;
				GCC_PRECOMPILE_PREFIX_HEADER = YES;
				GCC_PREFIX_HEADER = "User Data Challenge Solution/User Data Challenge Solution-Prefix.pch";
				INFOPLIST_FILE = "User Data Challenge Solution/User Data Challenge Solution-Info.plist";
				PRODUCT_NAME = "$(TARGET_NAME)";
				WRAPPER_EXTENSION = app;
			};
			name = Debug;
		};
		5DB0986F1934488000114096 /* Release */ = {
			isa = XCBuildConfiguration;
			buildSettings = {
				ASSETCATALOG_COMPILER_APPICON_NAME = AppIcon;
				ASSETCATALOG_COMPILER_LAUNCHIMAGE_NAME = LaunchImage;
				GCC_PRECOMPILE_PREFIX_HEADER = YES;
				GCC_PREFIX_HEADER = "User Data Challenge Solution/User Data Challenge Solution-Prefix.pch";
				INFOPLIST_FILE = "User Data Challenge Solution/User Data Challenge Solution-Info.plist";
				PRODUCT_NAME = "$(TARGET_NAME)";
				WRAPPER_EXTENSION = app;
			};
			name = Release;
		};
		5DB098711934488000114096 /* Debug */ = {
			isa = XCBuildConfiguration;
			buildSettings = {
				BUNDLE_LOADER = "$(BUILT_PRODUCTS_DIR)/User Data Challenge Solution.app/User Data Challenge Solution";
				FRAMEWORK_SEARCH_PATHS = (
					"$(SDKROOT)/Developer/Library/Frameworks",
					"$(inherited)",
					"$(DEVELOPER_FRAMEWORKS_DIR)",
				);
				GCC_PRECOMPILE_PREFIX_HEADER = YES;
				GCC_PREFIX_HEADER = "User Data Challenge Solution/User Data Challenge Solution-Prefix.pch";
				GCC_PREPROCESSOR_DEFINITIONS = (
					"DEBUG=1",
					"$(inherited)",
				);
				INFOPLIST_FILE = "User Data Challenge SolutionTests/User Data Challenge SolutionTests-Info.plist";
				PRODUCT_NAME = "$(TARGET_NAME)";
				TEST_HOST = "$(BUNDLE_LOADER)";
				WRAPPER_EXTENSION = xctest;
			};
			name = Debug;
		};
		5DB098721934488000114096 /* Release */ = {
			isa = XCBuildConfiguration;
			buildSettings = {
				BUNDLE_LOADER = "$(BUILT_PRODUCTS_DIR)/User Data Challenge Solution.app/User Data Challenge Solution";
				FRAMEWORK_SEARCH_PATHS = (
					"$(SDKROOT)/Developer/Library/Frameworks",
					"$(inherited)",
					"$(DEVELOPER_FRAMEWORKS_DIR)",
				);
				GCC_PRECOMPILE_PREFIX_HEADER = YES;
				GCC_PREFIX_HEADER = "User Data Challenge Solution/User Data Challenge Solution-Prefix.pch";
				INFOPLIST_FILE = "User Data Challenge SolutionTests/User Data Challenge SolutionTests-Info.plist";
				PRODUCT_NAME = "$(TARGET_NAME)";
				TEST_HOST = "$(BUNDLE_LOADER)";
				WRAPPER_EXTENSION = xctest;
			};
			name = Release;
		};
/* End XCBuildConfiguration section */

/* Begin XCConfigurationList section */
		5DB098331934487F00114096 /* Build configuration list for PBXProject "User Data Challenge Solution" */ = {
			isa = XCConfigurationList;
			buildConfigurations = (
				5DB0986B1934488000114096 /* Debug */,
				5DB0986C1934488000114096 /* Release */,
			);
			defaultConfigurationIsVisible = 0;
			defaultConfigurationName = Release;
		};
		5DB0986D1934488000114096 /* Build configuration list for PBXNativeTarget "User Data Challenge Solution" */ = {
			isa = XCConfigurationList;
			buildConfigurations = (
				5DB0986E1934488000114096 /* Debug */,
				5DB0986F1934488000114096 /* Release */,
			);
			defaultConfigurationIsVisible = 0;
			defaultConfigurationName = Release;
		};
		5DB098701934488000114096 /* Build configuration list for PBXNativeTarget "User Data Challenge SolutionTests" */ = {
			isa = XCConfigurationList;
			buildConfigurations = (
				5DB098711934488000114096 /* Debug */,
				5DB098721934488000114096 /* Release */,
			);
			defaultConfigurationIsVisible = 0;
			defaultConfigurationName = Release;
		};
/* End XCConfigurationList section */
	};
	rootObject = 5DB098301934487F00114096 /* Project object */;
}
